
Microsoft Visual Studio Solution File, Format Version 12.00
# Visual Studio Version 17
VisualStudioVersion = 17.0.31903.59
MinimumVisualStudioVersion = 10.0.40219.1
Project("{FAE04EC0-301F-11D3-BF4B-00C04F79EFBC}") = "supplement_p1_1", "supplement_p1_1\supplement_p1_1.csproj", "{CAFF8BAD-61B3-429C-A048-231A85C80A69}"
EndProject
Project("{FAE04EC0-301F-11D3-BF4B-00C04F79EFBC}") = "supplement_p1_1.Tests", "supplement_p1_1.Tests\supplement_p1_1.Tests.csproj", "{47E9D853-6492-4711-8A25-F7FF76FDD5C1}"
EndProject
Global
	GlobalSection(SolutionConfigurationPlatforms) = preSolution
		Debug|Any CPU = Debug|Any CPU
		Release|Any CPU = Release|Any CPU
	EndGlobalSection
	GlobalSection(SolutionProperties) = preSolution
		HideSolutionNode = FALSE
	EndGlobalSection
	GlobalSection(ProjectConfigurationPlatforms) = postSolution
		{CAFF8BAD-61B3-429C-A048-231A85C80A69}.Debug|Any CPU.ActiveCfg = Debug|Any CPU
		{CAFF8BAD-61B3-429C-A048-231A85C80A69}.Debug|Any CPU.Build.0 = Debug|Any CPU
		{CAFF8BAD-61B3-429C-A048-231A85C80A69}.Release|Any CPU.ActiveCfg = Release|Any CPU
		{CAFF8BAD-61B3-429C-A048-231A85C80A69}.Release|Any CPU.Build.0 = Release|Any CPU
		{47E9D853-6492-4711-8A25-F7FF76FDD5C1}.Debug|Any CPU.ActiveCfg = Debug|Any CPU
		{47E9D853-6492-4711-8A25-F7FF76FDD5C1}.Debug|Any CPU.Build.0 = Debug|Any CPU
		{47E9D853-6492-4711-8A25-F7FF76FDD5C1}.Release|Any CPU.ActiveCfg = Release|Any CPU
		{47E9D853-6492-4711-8A25-F7FF76FDD5C1}.Release|Any CPU.Build.0 = Release|Any CPU
	EndGlobalSection
EndGlobal
